
Microsoft Visual Studio Solution File, Format Version 12.00
# Visual Studio Version 17
VisualStudioVersion = 17.9.34728.123
MinimumVisualStudioVersion = 10.0.40219.1
Project("{FAE04EC0-301F-11D3-BF4B-00C04F79EFBC}") = "HoustonMesh.UI", "HoustonMesh.UI\HoustonMesh.UI.csproj", "{EE22739E-D536-4FC3-B312-CC2660BA2571}"
EndProject
Global
	GlobalSection(SolutionConfigurationPlatforms) = preSolution
		Debug|Any CPU = Debug|Any CPU
		Release|Any CPU = Release|Any CPU
	EndGlobalSection
	GlobalSection(ProjectConfigurationPlatforms) = postSolution
		{EE22739E-D536-4FC3-B312-CC2660BA2571}.Debug|Any CPU.ActiveCfg = Debug|Any CPU
		{EE22739E-D536-4FC3-B312-CC2660BA2571}.Debug|Any CPU.Build.0 = Debug|Any CPU
		{EE22739E-D536-4FC3-B312-CC2660BA2571}.Release|Any CPU.ActiveCfg = Release|Any CPU
		{EE22739E-D536-4FC3-B312-CC2660BA2571}.Release|Any CPU.Build.0 = Release|Any CPU
	EndGlobalSection
	GlobalSection(SolutionProperties) = preSolution
		HideSolutionNode = FALSE
	EndGlobalSection
	GlobalSection(ExtensibilityGlobals) = postSolution
		SolutionGuid = {76C4AB80-43C8-448F-9D9A-1CE58701DFD1}
	EndGlobalSection
EndGlobal
